
Microsoft Visual Studio Solution File, Format Version 12.00
# Visual Studio Version 17
VisualStudioVersion = 17.5.33516.290
MinimumVisualStudioVersion = 10.0.40219.1
Project("{FAE04EC0-301F-11D3-BF4B-00C04F79EFBC}") = "Module17", "Module17.csproj", "{30FE57D6-D7C3-4680-BC82-8EA13B1A7516}"
EndProject
Global
	GlobalSection(SolutionConfigurationPlatforms) = preSolution
		Debug|Any CPU = Debug|Any CPU
		Release|Any CPU = Release|Any CPU
	EndGlobalSection
	GlobalSection(ProjectConfigurationPlatforms) = postSolution
		{30FE57D6-D7C3-4680-BC82-8EA13B1A7516}.Debug|Any CPU.ActiveCfg = Debug|Any CPU
		{30FE57D6-D7C3-4680-BC82-8EA13B1A7516}.Debug|Any CPU.Build.0 = Debug|Any CPU
		{30FE57D6-D7C3-4680-BC82-8EA13B1A7516}.Release|Any CPU.ActiveCfg = Release|Any CPU
		{30FE57D6-D7C3-4680-BC82-8EA13B1A7516}.Release|Any CPU.Build.0 = Release|Any CPU
	EndGlobalSection
	GlobalSection(SolutionProperties) = preSolution
		HideSolutionNode = FALSE
	EndGlobalSection
	GlobalSection(ExtensibilityGlobals) = postSolution
		SolutionGuid = {ACA0C4EA-F815-4756-A336-155B9C03631E}
	EndGlobalSection
EndGlobal
